Microsoft Visual Studio Solution File, Format Version 12.00
# Visual Studio Version 17
VisualStudioVersion = 17.5.2.0
MinimumVisualStudioVersion = 10.0.40219.1
Project("{FAE04EC0-301F-11D3-BF4B-00C04F79EFBC}") = "BalnearioAC", "BalnearioAC\BalnearioAC.csproj", "{6BFD9CFE-38B7-10DB-00E2-C16C0F5FCB92}"
EndProject
Global
	GlobalSection(SolutionConfigurationPlatforms) = preSolution
		Debug|Any CPU = Debug|Any CPU
		Release|Any CPU = Release|Any CPU
	EndGlobalSection
	GlobalSection(ProjectConfigurationPlatforms) = postSolution
		{6BFD9CFE-38B7-10DB-00E2-C16C0F5FCB92}.Debug|Any CPU.ActiveCfg = Debug|Any CPU
		{6BFD9CFE-38B7-10DB-00E2-C16C0F5FCB92}.Debug|Any CPU.Build.0 = Debug|Any CPU
		{6BFD9CFE-38B7-10DB-00E2-C16C0F5FCB92}.Release|Any CPU.ActiveCfg = Release|Any CPU
		{6BFD9CFE-38B7-10DB-00E2-C16C0F5FCB92}.Release|Any CPU.Build.0 = Release|Any CPU
	EndGlobalSection
	GlobalSection(SolutionProperties) = preSolution
		HideSolutionNode = FALSE
	EndGlobalSection
	GlobalSection(ExtensibilityGlobals) = postSolution
		SolutionGuid = {89A22132-9E6C-478A-90FC-AA5963DB6AF9}
	EndGlobalSection
EndGlobal
